<?xml version="1.0" encoding="utf-8"?>
<Project ToolsVersion="4.0" xmlns="http://schemas.microsoft.com/developer/msbuild/2003">
  <ItemGroup>
    <Filter Include="Source Files">
      <UniqueIdentifier>{4FC737F1-C7A5-4376-A066-2A32D752A2FF}</UniqueIdentifier>
      <Extensions>cpp;c;cc;cxx;def;odl;idl;hpj;bat;asm;asmx</Extensions>
    </Filter>
    <Filter Include="Header Files">
      <UniqueIdentifier>{93995380-89BD-4b04-88EB-625FBE52EBFB}</UniqueIdentifier>
      <Extensions>h;hh;hpp;hxx;hm;inl;inc;xsd</Extensions>
    </Filter>
    <Filter Include="Resource Files">
      <UniqueIdentifier>{67DA6AB6-F800-4c08-8B7A-83BB121AAD01}</UniqueIdentifier>
      <Extensions>rc;ico;cur;bmp;dlg;rc2;rct;bin;rgs;gif;jpg;jpeg;jpe;resx;tiff;tif;png;wav</Extensions>
    </Filter>
  </ItemGroup>
  <ItemGroup>
    <ClCompile Include="src\main.cpp">
      <Filter>Source Files</Filter>
    </ClCompile>
    <ClCompile Include="src\dllmain.c">
      <Filter>Source Files</Filter>
    </ClCompile>
    <ClCompile Include="external\NVSE\nvse\nvse\containers.cpp">
      <Filter>Source Files</Filter>
    </ClCompile>
    <ClCompile Include="external\NVSE\nvse\nvse\GameAPI.cpp">
      <Filter>Source Files</Filter>
    </ClCompile>
    <ClCompile Include="external\NVSE\nvse\nvse\GameBSExtraData.cpp">
      <Filter>Source Files</Filter>
    </ClCompile>
    <ClCompile Include="external\NVSE\nvse\nvse\GameData.cpp">
      <Filter>Source Files</Filter>
    </ClCompile>
    <ClCompile Include="external\NVSE\nvse\nvse\GameExtraData.cpp">
      <Filter>Source Files</Filter>
    </ClCompile>
    <ClCompile Include="external\NVSE\nvse\nvse\GameForms.cpp">
      <Filter>Source Files</Filter>
    </ClCompile>
    <ClCompile Include="external\NVSE\nvse\nvse\GameObjects.cpp">
      <Filter>Source Files</Filter>
    </ClCompile>
    <ClCompile Include="external\NVSE\nvse\nvse\GameOSDepend.cpp">
      <Filter>Source Files</Filter>
    </ClCompile>
    <ClCompile Include="external\NVSE\nvse\nvse\GameProcess.cpp">
      <Filter>Source Files</Filter>
    </ClCompile>
    <ClCompile Include="external\NVSE\nvse\nvse\GameRTTI.cpp">
      <Filter>Source Files</Filter>
    </ClCompile>
    <ClCompile Include="external\NVSE\nvse\nvse\GameScript.cpp">
      <Filter>Source Files</Filter>
    </ClCompile>
    <ClCompile Include="external\NVSE\nvse\nvse\GameSettings.cpp">
      <Filter>Source Files</Filter>
    </ClCompile>
    <ClCompile Include="external\NVSE\nvse\nvse\GameTasks.cpp">
      <Filter>Source Files</Filter>
    </ClCompile>
    <ClCompile Include="external\NVSE\nvse\nvse\GameTiles.cpp">
      <Filter>Source Files</Filter>
    </ClCompile>
    <ClCompile Include="external\NVSE\nvse\nvse\GameTypes.cpp">
      <Filter>Source Files</Filter>
    </ClCompile>
    <ClCompile Include="external\NVSE\nvse\nvse\NiTypes.cpp">
      <Filter>Source Files</Filter>
    </ClCompile>
    <ClCompile Include="external\NVSE\nvse\nvse\printf.cpp">
      <Filter>Source Files</Filter>
    </ClCompile>
    <ClCompile Include="external\NVSE\nvse\nvse\SafeWrite.cpp">
      <Filter>Source Files</Filter>
    </ClCompile>
    <ClCompile Include="external\NVSE\nvse\nvse\Utilities.cpp">
      <Filter>Source Files</Filter>
    </ClCompile>
    <ClCompile Include="external\NVSE\nvse\nvse\utility.cpp">
      <Filter>Source Files</Filter>
    </ClCompile>
    <ClCompile Include="src\hooks\BallisticMelee.cpp">
      <Filter>Source Files</Filter>
    </ClCompile>
    <ClCompile Include="src\hooks\BetterCounter.cpp">
      <Filter>Source Files</Filter>
    </ClCompile>
    <ClCompile Include="src\Globals.cpp">
      <Filter>Source Files</Filter>
    </ClCompile>
    <ClCompile Include="src\hooks\BottomlessClip.cpp">
      <Filter>Source Files</Filter>
    </ClCompile>
    <ClCompile Include="src\hooks\GuidedProjectiles.cpp">
      <Filter>Source Files</Filter>
    </ClCompile>
    <ClCompile Include="external\CommonLibFNV\src\Havok\hkVector4.cpp">
      <Filter>Source Files</Filter>
    </ClCompile>
    <ClCompile Include="external\CommonLibFNV\src\Gamebryo\NiPoint3.cpp">
      <Filter>Source Files</Filter>
    </ClCompile>
    <ClCompile Include="external\CommonLibFNV\src\Gamebryo\NiMatrix3.cpp">
      <Filter>Source Files</Filter>
    </ClCompile>
    <ClCompile Include="external\CommonLibFNV\src\Havok\hkMatrix3.cpp">
      <Filter>Source Files</Filter>
    </ClCompile>
    <ClCompile Include="external\CommonLibFNV\src\Bethesda\PlayerCharacter.cpp">
      <Filter>Source Files</Filter>
    </ClCompile>
    <ClCompile Include="external\CommonLibFNV\src\Bethesda\TESForm.cpp">
      <Filter>Source Files</Filter>
    </ClCompile>
    <ClCompile Include="external\CommonLibFNV\src\Bethesda\VATS.cpp">
      <Filter>Source Files</Filter>
    </ClCompile>
    <ClCompile Include="external\CommonLibFNV\src\Bethesda\BaseFormComponent.cpp">
      <Filter>Source Files</Filter>
    </ClCompile>
    <ClCompile Include="external\CommonLibFNV\src\Bethesda\Character.cpp">
      <Filter>Source Files</Filter>
    </ClCompile>
    <ClCompile Include="external\CommonLibFNV\src\Bethesda\TESRegionList.cpp">
      <Filter>Source Files</Filter>
    </ClCompile>
    <ClCompile Include="external\CommonLibFNV\src\Bethesda\Actor.cpp">
      <Filter>Source Files</Filter>
    </ClCompile>
    <ClCompile Include="external\CommonLibFNV\src\Bethesda\ActorValueOwner.cpp">
      <Filter>Source Files</Filter>
    </ClCompile>
    <ClCompile Include="external\CommonLibFNV\src\Bethesda\CachedValuesOwner.cpp">
      <Filter>Source Files</Filter>
    </ClCompile>
    <ClCompile Include="external\CommonLibFNV\src\Bethesda\MagicCaster.cpp">
      <Filter>Source Files</Filter>
    </ClCompile>
    <ClCompile Include="external\CommonLibFNV\src\Bethesda\MagicTarget.cpp">
      <Filter>Source Files</Filter>
    </ClCompile>
    <ClCompile Include="external\CommonLibFNV\src\Bethesda\MobileObject.cpp">
      <Filter>Source Files</Filter>
    </ClCompile>
    <ClCompile Include="external\CommonLibFNV\src\Bethesda\TESChildCell.cpp">
      <Filter>Source Files</Filter>
    </ClCompile>
    <ClCompile Include="external\CommonLibFNV\src\Bethesda\BaseExtraList.cpp">
      <Filter>Source Files</Filter>
    </ClCompile>
    <ClCompile Include="external\CommonLibFNV\src\Bethesda\TES.cpp">
      <Filter>Source Files</Filter>
    </ClCompile>
    <ClCompile Include="src\hooks\PersistReferenceScale.cpp">
      <Filter>Source Files</Filter>
    </ClCompile>
  </ItemGroup>
  <ItemGroup>
    <ClInclude Include="include\BallisticMelee.hpp">
      <Filter>Header Files</Filter>
    </ClInclude>
    <ClInclude Include="include\BetterCounter.hpp">
      <Filter>Header Files</Filter>
    </ClInclude>
    <ClInclude Include="include\Globals.hpp">
      <Filter>Header Files</Filter>
    </ClInclude>
    <ClInclude Include="include\BottomlessClip.hpp">
      <Filter>Header Files</Filter>
    </ClInclude>
    <ClInclude Include="include\GuidedProjectiles.hpp">
      <Filter>Header Files</Filter>
    </ClInclude>
    <ClInclude Include="include\PersistReferenceScale.hpp">
      <Filter>Header Files</Filter>
    </ClInclude>
  </ItemGroup>
</Project>